
Microsoft Visual Studio Solution File, Format Version 12.00
# Visual Studio Version 17
VisualStudioVersion = 17.5.33516.290
MinimumVisualStudioVersion = 10.0.40219.1
Project("{9A19103F-16F7-4668-BE54-9A1E7A4F7556}") = "WebLayer HelpDux", "HelpDux\WebLayer HelpDux.csproj", "{9BFA5319-8998-42AE-851A-312B72DF7B8B}"
	ProjectSection(ProjectDependencies) = postProject
		{49412BC3-316A-4DDE-B7FC-C812110F7DB6} = {49412BC3-316A-4DDE-B7FC-C812110F7DB6}
		{CCDEFA70-16F8-4490-AB1A-520357E56A8A} = {CCDEFA70-16F8-4490-AB1A-520357E56A8A}
	EndProjectSection
EndProject
Project("{9A19103F-16F7-4668-BE54-9A1E7A4F7556}") = "DataLayer", "DataLayer\DataLayer.csproj", "{49412BC3-316A-4DDE-B7FC-C812110F7DB6}"
EndProject
Project("{9A19103F-16F7-4668-BE54-9A1E7A4F7556}") = "BusinessLayer", "BusinessLayer\BusinessLayer.csproj", "{CCDEFA70-16F8-4490-AB1A-520357E56A8A}"
EndProject
Global
	GlobalSection(SolutionConfigurationPlatforms) = preSolution
		Debug|Any CPU = Debug|Any CPU
		Release|Any CPU = Release|Any CPU
	EndGlobalSection
	GlobalSection(ProjectConfigurationPlatforms) = postSolution
		{9BFA5319-8998-42AE-851A-312B72DF7B8B}.Debug|Any CPU.ActiveCfg = Debug|Any CPU
		{9BFA5319-8998-42AE-851A-312B72DF7B8B}.Debug|Any CPU.Build.0 = Debug|Any CPU
		{9BFA5319-8998-42AE-851A-312B72DF7B8B}.Release|Any CPU.ActiveCfg = Release|Any CPU
		{9BFA5319-8998-42AE-851A-312B72DF7B8B}.Release|Any CPU.Build.0 = Release|Any CPU
		{49412BC3-316A-4DDE-B7FC-C812110F7DB6}.Debug|Any CPU.ActiveCfg = Debug|Any CPU
		{49412BC3-316A-4DDE-B7FC-C812110F7DB6}.Debug|Any CPU.Build.0 = Debug|Any CPU
		{49412BC3-316A-4DDE-B7FC-C812110F7DB6}.Release|Any CPU.ActiveCfg = Release|Any CPU
		{49412BC3-316A-4DDE-B7FC-C812110F7DB6}.Release|Any CPU.Build.0 = Release|Any CPU
		{CCDEFA70-16F8-4490-AB1A-520357E56A8A}.Debug|Any CPU.ActiveCfg = Debug|Any CPU
		{CCDEFA70-16F8-4490-AB1A-520357E56A8A}.Debug|Any CPU.Build.0 = Debug|Any CPU
		{CCDEFA70-16F8-4490-AB1A-520357E56A8A}.Release|Any CPU.ActiveCfg = Release|Any CPU
		{CCDEFA70-16F8-4490-AB1A-520357E56A8A}.Release|Any CPU.Build.0 = Release|Any CPU
	EndGlobalSection
	GlobalSection(SolutionProperties) = preSolution
		HideSolutionNode = FALSE
	EndGlobalSection
	GlobalSection(ExtensibilityGlobals) = postSolution
		SolutionGuid = {A4F00670-94A0-4837-831C-ECABB47F9114}
	EndGlobalSection
EndGlobal
